// !$*UTF8*$!
{
	archiveVersion = 1;
	classes = {
	};
	objectVersion = 56;
	objects = {

/* Begin PBXBuildFile section */
		1A9FE11E2D73CD8D00867449 /* AppDelegate.swift in Sources */ = {isa = PBXBuildFile; fileRef = 1A9FE11D2D73CD8D00867449 /* AppDelegate.swift */; };
		1A9FE1202D73CD8D00867449 /* GameScene.sks in Resources */ = {isa = PBXBuildFile; fileRef = 1A9FE11F2D73CD8D00867449 /* GameScene.sks */; };
		1A9FE1222D73CD8D00867449 /* Actions.sks in Resources */ = {isa = PBXBuildFile; fileRef = 1A9FE1212D73CD8D00867449 /* Actions.sks */; };
		1A9FE1242D73CD8D00867449 /* GameScene.swift in Sources */ = {isa = PBXBuildFile; fileRef = 1A9FE1232D73CD8D00867449 /* GameScene.swift */; };
		1A9FE1262D73CD8D00867449 /* ViewController.swift in Sources */ = {isa = PBXBuildFile; fileRef = 1A9FE1252D73CD8D00867449 /* ViewController.swift */; };
		1A9FE1282D73CD9000867449 /* Assets.xcassets in Resources */ = {isa = PBXBuildFile; fileRef = 1A9FE1272D73CD9000867449 /* Assets.xcassets */; };
		1A9FE12B2D73CD9000867449 /* Main.storyboard in Resources */ = {isa = PBXBuildFile; fileRef = 1A9FE1292D73CD9000867449 /* Main.storyboard */; };
		1A9FE1362D73CD9000867449 /* Pong2Tests.swift in Sources */ = {isa = PBXBuildFile; fileRef = 1A9FE1352D73CD9000867449 /* Pong2Tests.swift */; };
		1A9FE1402D73CD9000867449 /* Pong2UITests.swift in Sources */ = {isa = PBXBuildFile; fileRef = 1A9FE13F2D73CD9000867449 /* Pong2UITests.swift */; };
		1A9FE1422D73CD9000867449 /* Pong2UITestsLaunchTests.swift in Sources */ = {isa = PBXBuildFile; fileRef = 1A9FE1412D73CD9000867449 /* Pong2UITestsLaunchTests.swift */; };
/* End PBXBuildFile section */

/* Begin PBXContainerItemProxy section */
		1A9FE1322D73CD9000867449 /* PBXContainerItemProxy */ = {
			isa = PBXContainerItemProxy;
			containerPortal = 1A9FE1122D73CD8C00867449 /* Project object */;
			proxyType = 1;
			remoteGlobalIDString = 1A9FE1192D73CD8D00867449;
			remoteInfo = Pong2;
		};
		1A9FE13C2D73CD9000867449 /* PBXContainerItemProxy */ = {
			isa = PBXContainerItemProxy;
			containerPortal = 1A9FE1122D73CD8C00867449 /* Project object */;
			proxyType = 1;
			remoteGlobalIDString = 1A9FE1192D73CD8D00867449;
			remoteInfo = Pong2;
		};
/* End PBXContainerItemProxy section */

/* Begin PBXFileReference section */
		1A9FE11A2D73CD8D00867449 /* Pong2.app */ = {isa = PBXFileReference; explicitFileType = wrapper.application; includeInIndex = 0; path = Pong2.app; sourceTree = BUILT_PRODUCTS_DIR; };
		1A9FE11D2D73CD8D00867449 /* AppDelegate.swift */ = {isa = PBXFileReference; lastKnownFileType = sourcecode.swift; path = AppDelegate.swift; sourceTree = "<group>"; };
		1A9FE11F2D73CD8D00867449 /* GameScene.sks */ = {isa = PBXFileReference; lastKnownFileType = file.sks; path = GameScene.sks; sourceTree = "<group>"; };
		1A9FE1212D73CD8D00867449 /* Actions.sks */ = {isa = PBXFileReference; lastKnownFileType = file.sks; path = Actions.sks; sourceTree = "<group>"; };
		1A9FE1232D73CD8D00867449 /* GameScene.swift */ = {isa = PBXFileReference; lastKnownFileType = sourcecode.swift; path = GameScene.swift; sourceTree = "<group>"; };
		1A9FE1252D73CD8D00867449 /* ViewController.swift */ = {isa = PBXFileReference; lastKnownFileType = sourcecode.swift; path = ViewController.swift; sourceTree = "<group>"; };
		1A9FE1272D73CD9000867449 /* Assets.xcassets */ = {isa = PBXFileReference; lastKnownFileType = folder.assetcatalog; path = Assets.xcassets; sourceTree = "<group>"; };
		1A9FE12A2D73CD9000867449 /* Base */ = {isa = PBXFileReference; lastKnownFileType = file.storyboard; name = Base; path = Base.lproj/Main.storyboard; sourceTree = "<group>"; };
		1A9FE12C2D73CD9000867449 /* Pong2.entitlements */ = {isa = PBXFileReference; lastKnownFileType = text.plist.entitlements; path = Pong2.entitlements; sourceTree = "<group>"; };
		1A9FE1312D73CD9000867449 /* Pong2Tests.xctest */ = {isa = PBXFileReference; explicitFileType = wrapper.cfbundle; includeInIndex = 0; path = Pong2Tests.xctest; sourceTree = BUILT_PRODUCTS_DIR; };
		1A9FE1352D73CD9000867449 /* Pong2Tests.swift */ = {isa = PBXFileReference; lastKnownFileType = sourcecode.swift; path = Pong2Tests.swift; sourceTree = "<group>"; };
		1A9FE13B2D73CD9000867449 /* Pong2UITests.xctest */ = {isa = PBXFileReference; explicitFileType = wrapper.cfbundle; includeInIndex = 0; path = Pong2UITests.xctest; sourceTree = BUILT_PRODUCTS_DIR; };
		1A9FE13F2D73CD9000867449 /* Pong2UITests.swift */ = {isa = PBXFileReference; lastKnownFileType = sourcecode.swift; path = Pong2UITests.swift; sourceTree = "<group>"; };
		1A9FE1412D73CD9000867449 /* Pong2UITestsLaunchTests.swift */ = {isa = PBXFileReference; lastKnownFileType = sourcecode.swift; path = Pong2UITestsLaunchTests.swift; sourceTree = "<group>"; };
/* End PBXFileReference section */

/* Begin PBXFrameworksBuildPhase section */
		1A9FE1172D73CD8D00867449 /* Frameworks */ = {
			isa = PBXFrameworksBuildPhase;
			buildActionMask = 2147483647;
			files = (
			);
			runOnlyForDeploymentPostprocessing = 0;
		};
		1A9FE12E2D73CD9000867449 /* Frameworks */ = {
			isa = PBXFrameworksBuildPhase;
			buildActionMask = 2147483647;
			files = (
			);
			runOnlyForDeploymentPostprocessing = 0;
		};
		1A9FE1382D73CD9000867449 /* Frameworks */ = {
			isa = PBXFrameworksBuildPhase;
			buildActionMask = 2147483647;
			files = (
			);
			runOnlyForDeploymentPostprocessing = 0;
		};
/* End PBXFrameworksBuildPhase section */

/* Begin PBXGroup section */
		1A9FE1112D73CD8C00867449 = {
			isa = PBXGroup;
			children = (
				1A9FE11C2D73CD8D00867449 /* Pong2 */,
				1A9FE1342D73CD9000867449 /* Pong2Tests */,
				1A9FE13E2D73CD9000867449 /* Pong2UITests */,
				1A9FE11B2D73CD8D00867449 /* Products */,
			);
			sourceTree = "<group>";
		};
		1A9FE11B2D73CD8D00867449 /* Products */ = {
			isa = PBXGroup;
			children = (
				1A9FE11A2D73CD8D00867449 /* Pong2.app */,
				1A9FE1312D73CD9000867449 /* Pong2Tests.xctest */,
				1A9FE13B2D73CD9000867449 /* Pong2UITests.xctest */,
			);
			name = Products;
			sourceTree = "<group>";
		};
		1A9FE11C2D73CD8D00867449 /* Pong2 */ = {
			isa = PBXGroup;
			children = (
				1A9FE11D2D73CD8D00867449 /* AppDelegate.swift */,
				1A9FE11F2D73CD8D00867449 /* GameScene.sks */,
				1A9FE1212D73CD8D00867449 /* Actions.sks */,
				1A9FE1232D73CD8D00867449 /* GameScene.swift */,
				1A9FE1252D73CD8D00867449 /* ViewController.swift */,
				1A9FE1272D73CD9000867449 /* Assets.xcassets */,
				1A9FE1292D73CD9000867449 /* Main.storyboard */,
				1A9FE12C2D73CD9000867449 /* Pong2.entitlements */,
			);
			path = Pong2;
			sourceTree = "<group>";
		};
		1A9FE1342D73CD9000867449 /* Pong2Tests */ = {
			isa = PBXGroup;
			children = (
				1A9FE1352D73CD9000867449 /* Pong2Tests.swift */,
			);
			path = Pong2Tests;
			sourceTree = "<group>";
		};
		1A9FE13E2D73CD9000867449 /* Pong2UITests */ = {
			isa = PBXGroup;
			children = (
				1A9FE13F2D73CD9000867449 /* Pong2UITests.swift */,
				1A9FE1412D73CD9000867449 /* Pong2UITestsLaunchTests.swift */,
			);
			path = Pong2UITests;
			sourceTree = "<group>";
		};
/* End PBXGroup section */

/* Begin PBXNativeTarget section */
		1A9FE1192D73CD8D00867449 /* Pong2 */ = {
			isa = PBXNativeTarget;
			buildConfigurationList = 1A9FE1452D73CD9000867449 /* Build configuration list for PBXNativeTarget "Pong2" */;
			buildPhases = (
				1A9FE1162D73CD8D00867449 /* Sources */,
				1A9FE1172D73CD8D00867449 /* Frameworks */,
				1A9FE1182D73CD8D00867449 /* Resources */,
			);
			buildRules = (
			);
			dependencies = (
			);
			name = Pong2;
			productName = Pong2;
			productReference = 1A9FE11A2D73CD8D00867449 /* Pong2.app */;
			productType = "com.apple.product-type.application";
		};
		1A9FE1302D73CD9000867449 /* Pong2Tests */ = {
			isa = PBXNativeTarget;
			buildConfigurationList = 1A9FE1482D73CD9000867449 /* Build configuration list for PBXNativeTarget "Pong2Tests" */;
			buildPhases = (
				1A9FE12D2D73CD9000867449 /* Sources */,
				1A9FE12E2D73CD9000867449 /* Frameworks */,
				1A9FE12F2D73CD9000867449 /* Resources */,
			);
			buildRules = (
			);
			dependencies = (
				1A9FE1332D73CD9000867449 /* PBXTargetDependency */,
			);
			name = Pong2Tests;
			productName = Pong2Tests;
			productReference = 1A9FE1312D73CD9000867449 /* Pong2Tests.xctest */;
			productType = "com.apple.product-type.bundle.unit-test";
		};
		1A9FE13A2D73CD9000867449 /* Pong2UITests */ = {
			isa = PBXNativeTarget;
			buildConfigurationList = 1A9FE14B2D73CD9000867449 /* Build configuration list for PBXNativeTarget "Pong2UITests" */;
			buildPhases = (
				1A9FE1372D73CD9000867449 /* Sources */,
				1A9FE1382D73CD9000867449 /* Frameworks */,
				1A9FE1392D73CD9000867449 /* Resources */,
			);
			buildRules = (
			);
			dependencies = (
				1A9FE13D2D73CD9000867449 /* PBXTargetDependency */,
			);
			name = Pong2UITests;
			productName = Pong2UITests;
			productReference = 1A9FE13B2D73CD9000867449 /* Pong2UITests.xctest */;
			productType = "com.apple.product-type.bundle.ui-testing";
		};
/* End PBXNativeTarget section */

/* Begin PBXProject section */
		1A9FE1122D73CD8C00867449 /* Project object */ = {
			isa = PBXProject;
			attributes = {
				BuildIndependentTargetsInParallel = 1;
				LastSwiftUpdateCheck = 1520;
				LastUpgradeCheck = 1520;
				TargetAttributes = {
					1A9FE1192D73CD8D00867449 = {
						CreatedOnToolsVersion = 15.2;
					};
					1A9FE1302D73CD9000867449 = {
						CreatedOnToolsVersion = 15.2;
						TestTargetID = 1A9FE1192D73CD8D00867449;
					};
					1A9FE13A2D73CD9000867449 = {
						CreatedOnToolsVersion = 15.2;
						TestTargetID = 1A9FE1192D73CD8D00867449;
					};
				};
			};
			buildConfigurationList = 1A9FE1152D73CD8C00867449 /* Build configuration list for PBXProject "Pong2" */;
			compatibilityVersion = "Xcode 14.0";
			developmentRegion = en;
			hasScannedForEncodings = 0;
			knownRegions = (
				en,
				Base,
			);
			mainGroup = 1A9FE1112D73CD8C00867449;
			productRefGroup = 1A9FE11B2D73CD8D00867449 /* Products */;
			projectDirPath = "";
			projectRoot = "";
			targets = (
				1A9FE1192D73CD8D00867449 /* Pong2 */,
				1A9FE1302D73CD9000867449 /* Pong2Tests */,
				1A9FE13A2D73CD9000867449 /* Pong2UITests */,
			);
		};
/* End PBXProject section */

/* Begin PBXResourcesBuildPhase section */
		1A9FE1182D73CD8D00867449 /* Resources */ = {
			isa = PBXResourcesBuildPhase;
			buildActionMask = 2147483647;
			files = (
				1A9FE1202D73CD8D00867449 /* GameScene.sks in Resources */,
				1A9FE1282D73CD9000867449 /* Assets.xcassets in Resources */,
				1A9FE1222D73CD8D00867449 /* Actions.sks in Resources */,
				1A9FE12B2D73CD9000867449 /* Main.storyboard in Resources */,
			);
			runOnlyForDeploymentPostprocessing = 0;
		};
		1A9FE12F2D73CD9000867449 /* Resources */ = {
			isa = PBXResourcesBuildPhase;
			buildActionMask = 2147483647;
			files = (
			);
			runOnlyForDeploymentPostprocessing = 0;
		};
		1A9FE1392D73CD9000867449 /* Resources */ = {
			isa = PBXResourcesBuildPhase;
			buildActionMask = 2147483647;
			files = (
			);
			runOnlyForDeploymentPostprocessing = 0;
		};
/* End PBXResourcesBuildPhase section */

/* Begin PBXSourcesBuildPhase section */
		1A9FE1162D73CD8D00867449 /* Sources */ = {
			isa = PBXSourcesBuildPhase;
			buildActionMask = 2147483647;
			files = (
				1A9FE1262D73CD8D00867449 /* ViewController.swift in Sources */,
				1A9FE1242D73CD8D00867449 /* GameScene.swift in Sources */,
				1A9FE11E2D73CD8D00867449 /* AppDelegate.swift in Sources */,
			);
			runOnlyForDeploymentPostprocessing = 0;
		};
		1A9FE12D2D73CD9000867449 /* Sources */ = {
			isa = PBXSourcesBuildPhase;
			buildActionMask = 2147483647;
			files = (
				1A9FE1362D73CD9000867449 /* Pong2Tests.swift in Sources */,
			);
			runOnlyForDeploymentPostprocessing = 0;
		};
		1A9FE1372D73CD9000867449 /* Sources */ = {
			isa = PBXSourcesBuildPhase;
			buildActionMask = 2147483647;
			files = (
				1A9FE1402D73CD9000867449 /* Pong2UITests.swift in Sources */,
				1A9FE1422D73CD9000867449 /* Pong2UITestsLaunchTests.swift in Sources */,
			);
			runOnlyForDeploymentPostprocessing = 0;
		};
/* End PBXSourcesBuildPhase section */

/* Begin PBXTargetDependency section */
		1A9FE1332D73CD9000867449 /* PBXTargetDependency */ = {
			isa = PBXTargetDependency;
			target = 1A9FE1192D73CD8D00867449 /* Pong2 */;
			targetProxy = 1A9FE1322D73CD9000867449 /* PBXContainerItemProxy */;
		};
		1A9FE13D2D73CD9000867449 /* PBXTargetDependency */ = {
			isa = PBXTargetDependency;
			target = 1A9FE1192D73CD8D00867449 /* Pong2 */;
			targetProxy = 1A9FE13C2D73CD9000867449 /* PBXContainerItemProxy */;
		};
/* End PBXTargetDependency section */

/* Begin PBXVariantGroup section */
		1A9FE1292D73CD9000867449 /* Main.storyboard */ = {
			isa = PBXVariantGroup;
			children = (
				1A9FE12A2D73CD9000867449 /* Base */,
			);
			name = Main.storyboard;
			sourceTree = "<group>";
		};
/* End PBXVariantGroup section */

/* Begin XCBuildConfiguration section */
		1A9FE1432D73CD9000867449 /* Debug */ = {
			isa = XCBuildConfiguration;
			buildSettings = {
				ALWAYS_SEARCH_USER_PATHS = NO;
				ASSETCATALOG_COMPILER_GENERATE_SWIFT_ASSET_SYMBOL_EXTENSIONS = YES;
				CLANG_ANALYZER_NONNULL = YES;
				CLANG_ANALYZER_NUMBER_OBJECT_CONVERSION = YES_AGGRESSIVE;
				CLANG_CXX_LANGUAGE_STANDARD = "gnu++20";
				CLANG_ENABLE_MODULES = YES;
				CLANG_ENABLE_OBJC_ARC = YES;
				CLANG_ENABLE_OBJC_WEAK = YES;
				CLANG_WARN_BLOCK_CAPTURE_AUTORELEASING = YES;
				CLANG_WARN_BOOL_CONVERSION = YES;
				CLANG_WARN_COMMA = YES;
				CLANG_WARN_CONSTANT_CONVERSION = YES;
				CLANG_WARN_DEPRECATED_OBJC_IMPLEMENTATIONS = YES;
				CLANG_WARN_DIRECT_OBJC_ISA_USAGE = YES_ERROR;
				CLANG_WARN_DOCUMENTATION_COMMENTS = YES;
				CLANG_WARN_EMPTY_BODY = YES;
				CLANG_WARN_ENUM_CONVERSION = YES;
				CLANG_WARN_INFINITE_RECURSION = YES;
				CLANG_WARN_INT_CONVERSION = YES;
				CLANG_WARN_NON_LITERAL_NULL_CONVERSION = YES;
				CLANG_WARN_OBJC_IMPLICIT_RETAIN_SELF = YES;
				CLANG_WARN_OBJC_LITERAL_CONVERSION = YES;
				CLANG_WARN_OBJC_ROOT_CLASS = YES_ERROR;
				CLANG_WARN_QUOTED_INCLUDE_IN_FRAMEWORK_HEADER = YES;
				CLANG_WARN_RANGE_LOOP_ANALYSIS = YES;
				CLANG_WARN_STRICT_PROTOTYPES = YES;
				CLANG_WARN_SUSPICIOUS_MOVE = YES;
				CLANG_WARN_UNGUARDED_AVAILABILITY = YES_AGGRESSIVE;
				CLANG_WARN_UNREACHABLE_CODE = YES;
				CLANG_WARN__DUPLICATE_METHOD_MATCH = YES;
				COPY_PHASE_STRIP = NO;
				DEBUG_INFORMATION_FORMAT = dwarf;
				ENABLE_STRICT_OBJC_MSGSEND = YES;
				ENABLE_TESTABILITY = YES;
				ENABLE_USER_SCRIPT_SANDBOXING = YES;
				GCC_C_LANGUAGE_STANDARD = gnu17;
				GCC_DYNAMIC_NO_PIC = NO;
				GCC_NO_COMMON_BLOCKS = YES;
				GCC_OPTIMIZATION_LEVEL = 0;
				GCC_PREPROCESSOR_DEFINITIONS = (
					"DEBUG=1",
					"$(inherited)",
				);
				GCC_WARN_64_TO_32_BIT_CONVERSION = YES;
				GCC_WARN_ABOUT_RETURN_TYPE = YES_ERROR;
				GCC_WARN_UNDECLARED_SELECTOR = YES;
				GCC_WARN_UNINITIALIZED_AUTOS = YES_AGGRESSIVE;
				GCC_WARN_UNUSED_FUNCTION = YES;
				GCC_WARN_UNUSED_VARIABLE = YES;
				LOCALIZATION_PREFERS_STRING_CATALOGS = YES;
				MACOSX_DEPLOYMENT_TARGET = 13.7;
				MTL_ENABLE_DEBUG_INFO = INCLUDE_SOURCE;
				MTL_FAST_MATH = YES;
				ONLY_ACTIVE_ARCH = YES;
				SDKROOT = macosx;
				SWIFT_ACTIVE_COMPILATION_CONDITIONS = "DEBUG $(inherited)";
				SWIFT_OPTIMIZATION_LEVEL = "-Onone";
			};
			name = Debug;
		};
		1A9FE1442D73CD9000867449 /* Release */ = {
			isa = XCBuildConfiguration;
			buildSettings = {
				ALWAYS_SEARCH_USER_PATHS = NO;
				ASSETCATALOG_COMPILER_GENERATE_SWIFT_ASSET_SYMBOL_EXTENSIONS = YES;
				CLANG_ANALYZER_NONNULL = YES;
				CLANG_ANALYZER_NUMBER_OBJECT_CONVERSION = YES_AGGRESSIVE;
				CLANG_CXX_LANGUAGE_STANDARD = "gnu++20";
				CLANG_ENABLE_MODULES = YES;
				CLANG_ENABLE_OBJC_ARC = YES;
				CLANG_ENABLE_OBJC_WEAK = YES;
				CLANG_WARN_BLOCK_CAPTURE_AUTORELEASING = YES;
				CLANG_WARN_BOOL_CONVERSION = YES;
				CLANG_WARN_COMMA = YES;
				CLANG_WARN_CONSTANT_CONVERSION = YES;
				CLANG_WARN_DEPRECATED_OBJC_IMPLEMENTATIONS = YES;
				CLANG_WARN_DIRECT_OBJC_ISA_USAGE = YES_ERROR;
				CLANG_WARN_DOCUMENTATION_COMMENTS = YES;
				CLANG_WARN_EMPTY_BODY = YES;
				CLANG_WARN_ENUM_CONVERSION = YES;
				CLANG_WARN_INFINITE_RECURSION = YES;
				CLANG_WARN_INT_CONVERSION = YES;
				CLANG_WARN_NON_LITERAL_NULL_CONVERSION = YES;
				CLANG_WARN_OBJC_IMPLICIT_RETAIN_SELF = YES;
				CLANG_WARN_OBJC_LITERAL_CONVERSION = YES;
				CLANG_WARN_OBJC_ROOT_CLASS = YES_ERROR;
				CLANG_WARN_QUOTED_INCLUDE_IN_FRAMEWORK_HEADER = YES;
				CLANG_WARN_RANGE_LOOP_ANALYSIS = YES;
				CLANG_WARN_STRICT_PROTOTYPES = YES;
				CLANG_WARN_SUSPICIOUS_MOVE = YES;
				CLANG_WARN_UNGUARDED_AVAILABILITY = YES_AGGRESSIVE;
				CLANG_WARN_UNREACHABLE_CODE = YES;
				CLANG_WARN__DUPLICATE_METHOD_MATCH = YES;
				COPY_PHASE_STRIP = NO;
				DEBUG_INFORMATION_FORMAT = "dwarf-with-dsym";
				ENABLE_NS_ASSERTIONS = NO;
				ENABLE_STRICT_OBJC_MSGSEND = YES;
				ENABLE_USER_SCRIPT_SANDBOXING = YES;
				GCC_C_LANGUAGE_STANDARD = gnu17;
				GCC_NO_COMMON_BLOCKS = YES;
				GCC_WARN_64_TO_32_BIT_CONVERSION = YES;
				GCC_WARN_ABOUT_RETURN_TYPE = YES_ERROR;
				GCC_WARN_UNDECLARED_SELECTOR = YES;
				GCC_WARN_UNINITIALIZED_AUTOS = YES_AGGRESSIVE;
				GCC_WARN_UNUSED_FUNCTION = YES;
				GCC_WARN_UNUSED_VARIABLE = YES;
				LOCALIZATION_PREFERS_STRING_CATALOGS = YES;
				MACOSX_DEPLOYMENT_TARGET = 13.7;
				MTL_ENABLE_DEBUG_INFO = NO;
				MTL_FAST_MATH = YES;
				SDKROOT = macosx;
				SWIFT_COMPILATION_MODE = wholemodule;
			};
			name = Release;
		};
		1A9FE1462D73CD9000867449 /* Debug */ = {
			isa = XCBuildConfiguration;
			buildSettings = {
				ASSETCATALOG_COMPILER_APPICON_NAME = AppIcon;
				ASSETCATALOG_COMPILER_GLOBAL_ACCENT_COLOR_NAME = AccentColor;
				CODE_SIGN_ENTITLEMENTS = Pong2/Pong2.entitlements;
				CODE_SIGN_STYLE = Automatic;
				COMBINE_HIDPI_IMAGES = YES;
				CURRENT_PROJECT_VERSION = 1;
				GENERATE_INFOPLIST_FILE = YES;
				INFOPLIST_KEY_NSHumanReadableCopyright = "";
				INFOPLIST_KEY_NSMainStoryboardFile = Main;
				INFOPLIST_KEY_NSPrincipalClass = NSApplication;
				LD_RUNPATH_SEARCH_PATHS = (
					"$(inherited)",
					"@executable_path/../Frameworks",
				);
				MARKETING_VERSION = 1.0;
				PRODUCT_BUNDLE_IDENTIFIER = Ethan.Pong2;
				PRODUCT_NAME = "$(TARGET_NAME)";
				SWIFT_EMIT_LOC_STRINGS = YES;
				SWIFT_VERSION = 5.0;
			};
			name = Debug;
		};
		1A9FE1472D73CD9000867449 /* Release */ = {
			isa = XCBuildConfiguration;
			buildSettings = {
				ASSETCATALOG_COMPILER_APPICON_NAME = AppIcon;
				ASSETCATALOG_COMPILER_GLOBAL_ACCENT_COLOR_NAME = AccentColor;
				CODE_SIGN_ENTITLEMENTS = Pong2/Pong2.entitlements;
				CODE_SIGN_STYLE = Automatic;
				COMBINE_HIDPI_IMAGES = YES;
				CURRENT_PROJECT_VERSION = 1;
				GENERATE_INFOPLIST_FILE = YES;
				INFOPLIST_KEY_NSHumanReadableCopyright = "";
				INFOPLIST_KEY_NSMainStoryboardFile = Main;
				INFOPLIST_KEY_NSPrincipalClass = NSApplication;
				LD_RUNPATH_SEARCH_PATHS = (
					"$(inherited)",
					"@executable_path/../Frameworks",
				);
				MARKETING_VERSION = 1.0;
				PRODUCT_BUNDLE_IDENTIFIER = Ethan.Pong2;
				PRODUCT_NAME = "$(TARGET_NAME)";
				SWIFT_EMIT_LOC_STRINGS = YES;
				SWIFT_VERSION = 5.0;
			};
			name = Release;
		};
		1A9FE1492D73CD9000867449 /* Debug */ = {
			isa = XCBuildConfiguration;
			buildSettings = {
				ALWAYS_EMBED_SWIFT_STANDARD_LIBRARIES = YES;
				BUNDLE_LOADER = "$(TEST_HOST)";
				CODE_SIGN_STYLE = Automatic;
				CURRENT_PROJECT_VERSION = 1;
				GENERATE_INFOPLIST_FILE = YES;
				MACOSX_DEPLOYMENT_TARGET = 13.7;
				MARKETING_VERSION = 1.0;
				PRODUCT_BUNDLE_IDENTIFIER = Ethan.Pong2Tests;
				PRODUCT_NAME = "$(TARGET_NAME)";
				SWIFT_EMIT_LOC_STRINGS = NO;
				SWIFT_VERSION = 5.0;
				TEST_HOST = "$(BUILT_PRODUCTS_DIR)/Pong2.app/$(BUNDLE_EXECUTABLE_FOLDER_PATH)/Pong2";
			};
			name = Debug;
		};
		1A9FE14A2D73CD9000867449 /* Release */ = {
			isa = XCBuildConfiguration;
			buildSettings = {
				ALWAYS_EMBED_SWIFT_STANDARD_LIBRARIES = YES;
				BUNDLE_LOADER = "$(TEST_HOST)";
				CODE_SIGN_STYLE = Automatic;
				CURRENT_PROJECT_VERSION = 1;
				GENERATE_INFOPLIST_FILE = YES;
				MACOSX_DEPLOYMENT_TARGET = 13.7;
				MARKETING_VERSION = 1.0;
				PRODUCT_BUNDLE_IDENTIFIER = Ethan.Pong2Tests;
				PRODUCT_NAME = "$(TARGET_NAME)";
				SWIFT_EMIT_LOC_STRINGS = NO;
				SWIFT_VERSION = 5.0;
				TEST_HOST = "$(BUILT_PRODUCTS_DIR)/Pong2.app/$(BUNDLE_EXECUTABLE_FOLDER_PATH)/Pong2";
			};
			name = Release;
		};
		1A9FE14C2D73CD9000867449 /* Debug */ = {
			isa = XCBuildConfiguration;
			buildSettings = {
				ALWAYS_EMBED_SWIFT_STANDARD_LIBRARIES = YES;
				CODE_SIGN_STYLE = Automatic;
				CURRENT_PROJECT_VERSION = 1;
				GENERATE_INFOPLIST_FILE = YES;
				MARKETING_VERSION = 1.0;
				PRODUCT_BUNDLE_IDENTIFIER = Ethan.Pong2UITests;
				PRODUCT_NAME = "$(TARGET_NAME)";
				SWIFT_EMIT_LOC_STRINGS = NO;
				SWIFT_VERSION = 5.0;
				TEST_TARGET_NAME = Pong2;
			};
			name = Debug;
		};
		1A9FE14D2D73CD9000867449 /* Release */ = {
			isa = XCBuildConfiguration;
			buildSettings = {
				ALWAYS_EMBED_SWIFT_STANDARD_LIBRARIES = YES;
				CODE_SIGN_STYLE = Automatic;
				CURRENT_PROJECT_VERSION = 1;
				GENERATE_INFOPLIST_FILE = YES;
				MARKETING_VERSION = 1.0;
				PRODUCT_BUNDLE_IDENTIFIER = Ethan.Pong2UITests;
				PRODUCT_NAME = "$(TARGET_NAME)";
				SWIFT_EMIT_LOC_STRINGS = NO;
				SWIFT_VERSION = 5.0;
				TEST_TARGET_NAME = Pong2;
			};
			name = Release;
		};
/* End XCBuildConfiguration section */

/* Begin XCConfigurationList section */
		1A9FE1152D73CD8C00867449 /* Build configuration list for PBXProject "Pong2" */ = {
			isa = XCConfigurationList;
			buildConfigurations = (
				1A9FE1432D73CD9000867449 /* Debug */,
				1A9FE1442D73CD9000867449 /* Release */,
			);
			defaultConfigurationIsVisible = 0;
			defaultConfigurationName = Release;
		};
		1A9FE1452D73CD9000867449 /* Build configuration list for PBXNativeTarget "Pong2" */ = {
			isa = XCConfigurationList;
			buildConfigurations = (
				1A9FE1462D73CD9000867449 /* Debug */,
				1A9FE1472D73CD9000867449 /* Release */,
			);
			defaultConfigurationIsVisible = 0;
			defaultConfigurationName = Release;
		};
		1A9FE1482D73CD9000867449 /* Build configuration list for PBXNativeTarget "Pong2Tests" */ = {
			isa = XCConfigurationList;
			buildConfigurations = (
				1A9FE1492D73CD9000867449 /* Debug */,
				1A9FE14A2D73CD9000867449 /* Release */,
			);
			defaultConfigurationIsVisible = 0;
			defaultConfigurationName = Release;
		};
		1A9FE14B2D73CD9000867449 /* Build configuration list for PBXNativeTarget "Pong2UITests" */ = {
			isa = XCConfigurationList;
			buildConfigurations = (
				1A9FE14C2D73CD9000867449 /* Debug */,
				1A9FE14D2D73CD9000867449 /* Release */,
			);
			defaultConfigurationIsVisible = 0;
			defaultConfigurationName = Release;
		};
/* End XCConfigurationList section */
	};
	rootObject = 1A9FE1122D73CD8C00867449 /* Project object */;
}
